PODS:
  - Alamofire (5.6.2)
  - FlexibleHeader (1.0.0)
  - Kingfisher (7.3.2)
  - Moya (15.0.0):
    - Moya/Core (= 15.0.0)
  - Moya/Core (15.0.0):
    - Alamofire (~> 5.0)
  - MSPeekCollectionViewDelegateImplementation (3.2.0)
  - Realm (10.28.4):
    - Realm/Headers (= 10.28.4)
  - Realm/Headers (10.28.4)
  - RealmSwift (10.28.4):
    - Realm (= 10.28.4)
  - SnapKit (5.6.0)
  - UIImageColors (2.1.0)

DEPENDENCIES:
  - FlexibleHeader
  - Kingfisher
  - Moya
  - MSPeekCollectionViewDelegateImplementation
  - Realm
  - RealmSwift
  - SnapKit
  - UIImageColors

SPEC REPOS:
  trunk:
    - Alamofire
    - FlexibleHeader
    - Kingfisher
    - Moya
    - MSPeekCollectionViewDelegateImplementation
    - Realm
    - RealmSwift
    - SnapKit
    - UIImageColors

SPEC CHECKSUMS:
  Alamofire: d368e1ff8a298e6dde360e35a3e68e6c610e7204
  FlexibleHeader: 03674a0c611018a78cde8bdb64af21438c89e161
  Kingfisher: 0086ad83719761ba9b2cdaf6ef4d5b4878cbae23
  Moya: 138f0573e53411fb3dc17016add0b748dfbd78ee
  MSPeekCollectionViewDelegateImplementation: be35a217bd302976a9e4476151be992c1f150127
  Realm: 8ab5176275b4123e84383b33385d47f09507acac
  RealmSwift: 0851105ca8c6d5722678c98e4d4e53637d1704c8
  SnapKit: e01d52ebb8ddbc333eefe2132acf85c8227d9c25
  UIImageColors: d2ef3b0877d203cbb06489eeb78ea8b7788caabe

PODFILE CHECKSUM: 35b2a582de5d3dfd3915b2c05b28196dc9f6e652

COCOAPODS: 1.11.3
