// !$*UTF8*$!
{
	archiveVersion = 1;
	classes = {
	};
	objectVersion = 56;
	objects = {

/* Begin PBXBuildFile section */
		33B45196FABA6D447375E6AF /* Pods_Spotify_Front.framework in Frameworks */ = {isa = PBXBuildFile; fileRef = BD1A2B198F5C6A91C34D76E2 /* Pods_Spotify_Front.framework */; };
		3D429E1147D5407CFA4F7459 /* Pods_Spotify_Front_Spotify_FrontUITests.framework in Frameworks */ = {isa = PBXBuildFile; fileRef = 2074DA9241ECC2AFE5A8993C /* Pods_Spotify_Front_Spotify_FrontUITests.framework */; };
		966CF0952919545A00413486 /* Util.swift in Sources */ = {isa = PBXBuildFile; fileRef = 966CF0942919545A00413486 /* Util.swift */; };
		966CF09F291A8BE100413486 /* PlaylistCell.swift in Sources */ = {isa = PBXBuildFile; fileRef = 966CF09E291A8BE100413486 /* PlaylistCell.swift */; };
		966CF0A2291A8E2F00413486 /* Playlist.swift in Sources */ = {isa = PBXBuildFile; fileRef = 966CF0A1291A8E2F00413486 /* Playlist.swift */; };
		966CF0AC291CCEAE00413486 /* LibraryViewController.swift in Sources */ = {isa = PBXBuildFile; fileRef = 966CF0AB291CCEAE00413486 /* LibraryViewController.swift */; };
		966CF0AE291CD1BC00413486 /* Episode.swift in Sources */ = {isa = PBXBuildFile; fileRef = 966CF0AD291CD1BC00413486 /* Episode.swift */; };
		966CF0B0291CD22F00413486 /* EpisodeCell.swift in Sources */ = {isa = PBXBuildFile; fileRef = 966CF0AF291CD22F00413486 /* EpisodeCell.swift */; };
		966CF0B2291E36A600413486 /* NowPlayingView.swift in Sources */ = {isa = PBXBuildFile; fileRef = 966CF0B1291E36A500413486 /* NowPlayingView.swift */; };
		966CF0B4291E378600413486 /* Music.swift in Sources */ = {isa = PBXBuildFile; fileRef = 966CF0B3291E378600413486 /* Music.swift */; };
		966CF0B6291E72AF00413486 /* SearchViewController.swift in Sources */ = {isa = PBXBuildFile; fileRef = 966CF0B5291E72AF00413486 /* SearchViewController.swift */; };
		966CF0B8291F6D5500413486 /* Search.swift in Sources */ = {isa = PBXBuildFile; fileRef = 966CF0B7291F6D5500413486 /* Search.swift */; };
		966CF0BA291F6F8200413486 /* Data.swift in Sources */ = {isa = PBXBuildFile; fileRef = 966CF0B9291F6F8200413486 /* Data.swift */; };
		966CF0BC291F7BA100413486 /* SearchHistoryCell.swift in Sources */ = {isa = PBXBuildFile; fileRef = 966CF0BB291F7BA100413486 /* SearchHistoryCell.swift */; };
		966CF0BE2922013B00413486 /* MusicPlayerViewController.swift in Sources */ = {isa = PBXBuildFile; fileRef = 966CF0BD2922013A00413486 /* MusicPlayerViewController.swift */; };
		966CF0C02922024400413486 /* MusicMenuViewController.swift in Sources */ = {isa = PBXBuildFile; fileRef = 966CF0BF2922024400413486 /* MusicMenuViewController.swift */; };
		966CF0C22922025B00413486 /* AlbumListViewController.swift in Sources */ = {isa = PBXBuildFile; fileRef = 966CF0C12922025B00413486 /* AlbumListViewController.swift */; };
		966CF0C729220EA500413486 /* WaveForm.swift in Sources */ = {isa = PBXBuildFile; fileRef = 966CF0C629220EA500413486 /* WaveForm.swift */; };
		966CF0CB292223C900413486 /* SongCell.swift in Sources */ = {isa = PBXBuildFile; fileRef = 966CF0CA292223C900413486 /* SongCell.swift */; };
		966CF0D52923BDEE00413486 /* Artist.swift in Sources */ = {isa = PBXBuildFile; fileRef = 966CF0D42923BDEE00413486 /* Artist.swift */; };
		966CF0D72923BE0000413486 /* Album.swift in Sources */ = {isa = PBXBuildFile; fileRef = 966CF0D62923BE0000413486 /* Album.swift */; };
		966CF0DB2928B87400413486 /* AlbumTarget.swift in Sources */ = {isa = PBXBuildFile; fileRef = 966CF0DA2928B87400413486 /* AlbumTarget.swift */; };
		966CF0DF2928D1DA00413486 /* AlbumService.swift in Sources */ = {isa = PBXBuildFile; fileRef = 966CF0DE2928D1DA00413486 /* AlbumService.swift */; };
		969BFBE3292A10EC008F5342 /* SearchTarget.swift in Sources */ = {isa = PBXBuildFile; fileRef = 969BFBE2292A10EC008F5342 /* SearchTarget.swift */; };
		969BFBE5292A13E7008F5342 /* SearchCell.swift in Sources */ = {isa = PBXBuildFile; fileRef = 969BFBE4292A13E7008F5342 /* SearchCell.swift */; };
		969BFBE7292A7FB9008F5342 /* SearchService.swift in Sources */ = {isa = PBXBuildFile; fileRef = 969BFBE6292A7FB9008F5342 /* SearchService.swift */; };
		96ADEBB0292F31F500E036E1 /* Inter-Light.ttf in Resources */ = {isa = PBXBuildFile; fileRef = 96ADEBA7292F31F400E036E1 /* Inter-Light.ttf */; };
		96ADEBB1292F31F500E036E1 /* Inter-ExtraLight.ttf in Resources */ = {isa = PBXBuildFile; fileRef = 96ADEBA8292F31F400E036E1 /* Inter-ExtraLight.ttf */; };
		96ADEBB2292F31F500E036E1 /* Inter-Black.ttf in Resources */ = {isa = PBXBuildFile; fileRef = 96ADEBA9292F31F400E036E1 /* Inter-Black.ttf */; };
		96ADEBB3292F31F500E036E1 /* Inter-Thin.ttf in Resources */ = {isa = PBXBuildFile; fileRef = 96ADEBAA292F31F400E036E1 /* Inter-Thin.ttf */; };
		96ADEBB4292F31F500E036E1 /* Inter-ExtraBold.ttf in Resources */ = {isa = PBXBuildFile; fileRef = 96ADEBAB292F31F400E036E1 /* Inter-ExtraBold.ttf */; };
		96ADEBB5292F31F500E036E1 /* Inter-Medium.ttf in Resources */ = {isa = PBXBuildFile; fileRef = 96ADEBAC292F31F500E036E1 /* Inter-Medium.ttf */; };
		96ADEBB6292F31F500E036E1 /* Inter-SemiBold.ttf in Resources */ = {isa = PBXBuildFile; fileRef = 96ADEBAD292F31F500E036E1 /* Inter-SemiBold.ttf */; };
		96ADEBB7292F31F500E036E1 /* Inter-Bold.ttf in Resources */ = {isa = PBXBuildFile; fileRef = 96ADEBAE292F31F500E036E1 /* Inter-Bold.ttf */; };
		96ADEBB8292F31F500E036E1 /* Inter-Regular.ttf in Resources */ = {isa = PBXBuildFile; fileRef = 96ADEBAF292F31F500E036E1 /* Inter-Regular.ttf */; };
		96ADEBC1292F324600E036E1 /* CircularStd-BlackItalic.ttf in Resources */ = {isa = PBXBuildFile; fileRef = 96ADEBB9292F324500E036E1 /* CircularStd-BlackItalic.ttf */; };
		96ADEBC2292F324600E036E1 /* CircularStd-BoldItalic.ttf in Resources */ = {isa = PBXBuildFile; fileRef = 96ADEBBA292F324500E036E1 /* CircularStd-BoldItalic.ttf */; };
		96ADEBC3292F324600E036E1 /* CircularStd-Medium.ttf in Resources */ = {isa = PBXBuildFile; fileRef = 96ADEBBB292F324500E036E1 /* CircularStd-Medium.ttf */; };
		96ADEBC4292F324600E036E1 /* CircularStd-MediumItalic.ttf in Resources */ = {isa = PBXBuildFile; fileRef = 96ADEBBC292F324500E036E1 /* CircularStd-MediumItalic.ttf */; };
		96ADEBC5292F324600E036E1 /* CircularStd-Book.ttf in Resources */ = {isa = PBXBuildFile; fileRef = 96ADEBBD292F324500E036E1 /* CircularStd-Book.ttf */; };
		96ADEBC6292F324600E036E1 /* CircularStd-Black.ttf in Resources */ = {isa = PBXBuildFile; fileRef = 96ADEBBE292F324500E036E1 /* CircularStd-Black.ttf */; };
		96ADEBC7292F324600E036E1 /* CircularStd-BookItalic.ttf in Resources */ = {isa = PBXBuildFile; fileRef = 96ADEBBF292F324600E036E1 /* CircularStd-BookItalic.ttf */; };
		96ADEBC8292F324600E036E1 /* CircularStd-Bold.ttf in Resources */ = {isa = PBXBuildFile; fileRef = 96ADEBC0292F324600E036E1 /* CircularStd-Bold.ttf */; };
		96ADEBCC292F378200E036E1 /* CategoryCell.swift in Sources */ = {isa = PBXBuildFile; fileRef = 96ADEBCB292F378200E036E1 /* CategoryCell.swift */; };
		96ADEBCE292F537B00E036E1 /* MusicTarget.swift in Sources */ = {isa = PBXBuildFile; fileRef = 96ADEBCD292F537B00E036E1 /* MusicTarget.swift */; };
		96ADEBD0292F538400E036E1 /* ArtistTarget.swift in Sources */ = {isa = PBXBuildFile; fileRef = 96ADEBCF292F538400E036E1 /* ArtistTarget.swift */; };
		96ADEBD2292F539000E036E1 /* PlaylistTarget.swift in Sources */ = {isa = PBXBuildFile; fileRef = 96ADEBD1292F539000E036E1 /* PlaylistTarget.swift */; };
		96ADEBD4292F540A00E036E1 /* MusicService.swift in Sources */ = {isa = PBXBuildFile; fileRef = 96ADEBD3292F540A00E036E1 /* MusicService.swift */; };
		96ADEBD6292F542600E036E1 /* ArtistService.swift in Sources */ = {isa = PBXBuildFile; fileRef = 96ADEBD5292F542600E036E1 /* ArtistService.swift */; };
		96ADEBD8292F547A00E036E1 /* PlaylistService.swift in Sources */ = {isa = PBXBuildFile; fileRef = 96ADEBD7292F547A00E036E1 /* PlaylistService.swift */; };
		96ADEBDA2932130500E036E1 /* Extension.swift in Sources */ = {isa = PBXBuildFile; fileRef = 96ADEBD92932130400E036E1 /* Extension.swift */; };
		96D694B12918EF6400F307A4 /* AppDelegate.swift in Sources */ = {isa = PBXBuildFile; fileRef = 96D694B02918EF6400F307A4 /* AppDelegate.swift */; };
		96D694B32918EF6400F307A4 /* SceneDelegate.swift in Sources */ = {isa = PBXBuildFile; fileRef = 96D694B22918EF6400F307A4 /* SceneDelegate.swift */; };
		96D694B52918EF6400F307A4 /* HomeViewController.swift in Sources */ = {isa = PBXBuildFile; fileRef = 96D694B42918EF6400F307A4 /* HomeViewController.swift */; };
		96D694BA2918EF6700F307A4 /* Assets.xcassets in Resources */ = {isa = PBXBuildFile; fileRef = 96D694B92918EF6700F307A4 /* Assets.xcassets */; };
		96D694BD2918EF6700F307A4 /* LaunchScreen.storyboard in Resources */ = {isa = PBXBuildFile; fileRef = 96D694BB2918EF6700F307A4 /* LaunchScreen.storyboard */; };
		96D694C82918EF6800F307A4 /* Spotify_FrontTests.swift in Sources */ = {isa = PBXBuildFile; fileRef = 96D694C72918EF6800F307A4 /* Spotify_FrontTests.swift */; };
		96D694D22918EF6800F307A4 /* Spotify_FrontUITests.swift in Sources */ = {isa = PBXBuildFile; fileRef = 96D694D12918EF6800F307A4 /* Spotify_FrontUITests.swift */; };
		96D694D42918EF6800F307A4 /* Spotify_FrontUITestsLaunchTests.swift in Sources */ = {isa = PBXBuildFile; fileRef = 96D694D32918EF6800F307A4 /* Spotify_FrontUITestsLaunchTests.swift */; };
		D0388153B3B580A0E5A0D696 /* Pods_Spotify_FrontTests.framework in Frameworks */ = {isa = PBXBuildFile; fileRef = 9ED3D51840CF351D1C3F5F37 /* Pods_Spotify_FrontTests.framework */; };
/* End PBXBuildFile section */

/* Begin PBXContainerItemProxy section */
		96D694C42918EF6800F307A4 /* PBXContainerItemProxy */ = {
			isa = PBXContainerItemProxy;
			containerPortal = 96D694A52918EF6300F307A4 /* Project object */;
			proxyType = 1;
			remoteGlobalIDString = 96D694AC2918EF6400F307A4;
			remoteInfo = "Spotify-Front";
		};
		96D694CE2918EF6800F307A4 /* PBXContainerItemProxy */ = {
			isa = PBXContainerItemProxy;
			containerPortal = 96D694A52918EF6300F307A4 /* Project object */;
			proxyType = 1;
			remoteGlobalIDString = 96D694AC2918EF6400F307A4;
			remoteInfo = "Spotify-Front";
		};
/* End PBXContainerItemProxy section */

/* Begin PBXFileReference section */
		04F4AFB6DE5605CEC1E035C7 /* Pods-Spotify-Front.release.xcconfig */ = {isa = PBXFileReference; includeInIndex = 1; lastKnownFileType = text.xcconfig; name = "Pods-Spotify-Front.release.xcconfig"; path = "Target Support Files/Pods-Spotify-Front/Pods-Spotify-Front.release.xcconfig"; sourceTree = "<group>"; };
		0D3A954D1ED04193C3014F59 /* Pods-Spotify-Front-Spotify-FrontUITests.debug.xcconfig */ = {isa = PBXFileReference; includeInIndex = 1; lastKnownFileType = text.xcconfig; name = "Pods-Spotify-Front-Spotify-FrontUITests.debug.xcconfig"; path = "Target Support Files/Pods-Spotify-Front-Spotify-FrontUITests/Pods-Spotify-Front-Spotify-FrontUITests.debug.xcconfig"; sourceTree = "<group>"; };
		2074DA9241ECC2AFE5A8993C /* Pods_Spotify_Front_Spotify_FrontUITests.framework */ = {isa = PBXFileReference; explicitFileType = wrapper.framework; includeInIndex = 0; path = Pods_Spotify_Front_Spotify_FrontUITests.framework; sourceTree = BUILT_PRODUCTS_DIR; };
		3876A9CB43C72AB07E9DD88B /* Pods-Spotify-FrontTests.debug.xcconfig */ = {isa = PBXFileReference; includeInIndex = 1; lastKnownFileType = text.xcconfig; name = "Pods-Spotify-FrontTests.debug.xcconfig"; path = "Target Support Files/Pods-Spotify-FrontTests/Pods-Spotify-FrontTests.debug.xcconfig"; sourceTree = "<group>"; };
		69868F65F3B3AC395C738723 /* Pods-Spotify-Front.debug.xcconfig */ = {isa = PBXFileReference; includeInIndex = 1; lastKnownFileType = text.xcconfig; name = "Pods-Spotify-Front.debug.xcconfig"; path = "Target Support Files/Pods-Spotify-Front/Pods-Spotify-Front.debug.xcconfig"; sourceTree = "<group>"; };
		966CF0942919545A00413486 /* Util.swift */ = {isa = PBXFileReference; lastKnownFileType = sourcecode.swift; path = Util.swift; sourceTree = "<group>"; };
		966CF09E291A8BE100413486 /* PlaylistCell.swift */ = {isa = PBXFileReference; lastKnownFileType = sourcecode.swift; path = PlaylistCell.swift; sourceTree = "<group>"; };
		966CF0A1291A8E2F00413486 /* Playlist.swift */ = {isa = PBXFileReference; lastKnownFileType = sourcecode.swift; path = Playlist.swift; sourceTree = "<group>"; };
		966CF0AB291CCEAE00413486 /* LibraryViewController.swift */ = {isa = PBXFileReference; lastKnownFileType = sourcecode.swift; path = LibraryViewController.swift; sourceTree = "<group>"; };
		966CF0AD291CD1BC00413486 /* Episode.swift */ = {isa = PBXFileReference; lastKnownFileType = sourcecode.swift; path = Episode.swift; sourceTree = "<group>"; };
		966CF0AF291CD22F00413486 /* EpisodeCell.swift */ = {isa = PBXFileReference; lastKnownFileType = sourcecode.swift; path = EpisodeCell.swift; sourceTree = "<group>"; };
		966CF0B1291E36A500413486 /* NowPlayingView.swift */ = {isa = PBXFileReference; lastKnownFileType = sourcecode.swift; path = NowPlayingView.swift; sourceTree = "<group>"; };
		966CF0B3291E378600413486 /* Music.swift */ = {isa = PBXFileReference; lastKnownFileType = sourcecode.swift; path = Music.swift; sourceTree = "<group>"; };
		966CF0B5291E72AF00413486 /* SearchViewController.swift */ = {isa = PBXFileReference; lastKnownFileType = sourcecode.swift; path = SearchViewController.swift; sourceTree = "<group>"; };
		966CF0B7291F6D5500413486 /* Search.swift */ = {isa = PBXFileReference; lastKnownFileType = sourcecode.swift; path = Search.swift; sourceTree = "<group>"; };
		966CF0B9291F6F8200413486 /* Data.swift */ = {isa = PBXFileReference; lastKnownFileType = sourcecode.swift; path = Data.swift; sourceTree = "<group>"; };
		966CF0BB291F7BA100413486 /* SearchHistoryCell.swift */ = {isa = PBXFileReference; lastKnownFileType = sourcecode.swift; path = SearchHistoryCell.swift; sourceTree = "<group>"; };
		966CF0BD2922013A00413486 /* MusicPlayerViewController.swift */ = {isa = PBXFileReference; lastKnownFileType = sourcecode.swift; path = MusicPlayerViewController.swift; sourceTree = "<group>"; };
		966CF0BF2922024400413486 /* MusicMenuViewController.swift */ = {isa = PBXFileReference; lastKnownFileType = sourcecode.swift; path = MusicMenuViewController.swift; sourceTree = "<group>"; };
		966CF0C12922025B00413486 /* AlbumListViewController.swift */ = {isa = PBXFileReference; lastKnownFileType = sourcecode.swift; path = AlbumListViewController.swift; sourceTree = "<group>"; };
		966CF0C629220EA500413486 /* WaveForm.swift */ = {isa = PBXFileReference; lastKnownFileType = sourcecode.swift; path = WaveForm.swift; sourceTree = "<group>"; };
		966CF0CA292223C900413486 /* SongCell.swift */ = {isa = PBXFileReference; lastKnownFileType = sourcecode.swift; path = SongCell.swift; sourceTree = "<group>"; };
		966CF0D42923BDEE00413486 /* Artist.swift */ = {isa = PBXFileReference; lastKnownFileType = sourcecode.swift; path = Artist.swift; sourceTree = "<group>"; };
		966CF0D62923BE0000413486 /* Album.swift */ = {isa = PBXFileReference; lastKnownFileType = sourcecode.swift; path = Album.swift; sourceTree = "<group>"; };
		966CF0DA2928B87400413486 /* AlbumTarget.swift */ = {isa = PBXFileReference; lastKnownFileType = sourcecode.swift; path = AlbumTarget.swift; sourceTree = "<group>"; };
		966CF0DE2928D1DA00413486 /* AlbumService.swift */ = {isa = PBXFileReference; lastKnownFileType = sourcecode.swift; path = AlbumService.swift; sourceTree = "<group>"; };
		969BFBE2292A10EC008F5342 /* SearchTarget.swift */ = {isa = PBXFileReference; lastKnownFileType = sourcecode.swift; path = SearchTarget.swift; sourceTree = "<group>"; };
		969BFBE4292A13E7008F5342 /* SearchCell.swift */ = {isa = PBXFileReference; lastKnownFileType = sourcecode.swift; path = SearchCell.swift; sourceTree = "<group>"; };
		969BFBE6292A7FB9008F5342 /* SearchService.swift */ = {isa = PBXFileReference; lastKnownFileType = sourcecode.swift; path = SearchService.swift; sourceTree = "<group>"; };
		96ADEBA6292F30EA00E036E1 /* Music 1.mp3 */ = {isa = PBXFileReference; lastKnownFileType = audio.mp3; path = "Music 1.mp3"; sourceTree = "<group>"; };
		96ADEBA7292F31F400E036E1 /* Inter-Light.ttf */ = {isa = PBXFileReference; lastKnownFileType = file; name = "Inter-Light.ttf"; path = "../../../../../../Downloads/Inter/static/Inter-Light.ttf"; sourceTree = "<group>"; };
		96ADEBA8292F31F400E036E1 /* Inter-ExtraLight.ttf */ = {isa = PBXFileReference; lastKnownFileType = file; name = "Inter-ExtraLight.ttf"; path = "../../../../../../Downloads/Inter/static/Inter-ExtraLight.ttf"; sourceTree = "<group>"; };
		96ADEBA9292F31F400E036E1 /* Inter-Black.ttf */ = {isa = PBXFileReference; lastKnownFileType = file; name = "Inter-Black.ttf"; path = "../../../../../../Downloads/Inter/static/Inter-Black.ttf"; sourceTree = "<group>"; };
		96ADEBAA292F31F400E036E1 /* Inter-Thin.ttf */ = {isa = PBXFileReference; lastKnownFileType = file; name = "Inter-Thin.ttf"; path = "../../../../../../Downloads/Inter/static/Inter-Thin.ttf"; sourceTree = "<group>"; };
		96ADEBAB292F31F400E036E1 /* Inter-ExtraBold.ttf */ = {isa = PBXFileReference; lastKnownFileType = file; name = "Inter-ExtraBold.ttf"; path = "../../../../../../Downloads/Inter/static/Inter-ExtraBold.ttf"; sourceTree = "<group>"; };
		96ADEBAC292F31F500E036E1 /* Inter-Medium.ttf */ = {isa = PBXFileReference; lastKnownFileType = file; name = "Inter-Medium.ttf"; path = "../../../../../../Downloads/Inter/static/Inter-Medium.ttf"; sourceTree = "<group>"; };
		96ADEBAD292F31F500E036E1 /* Inter-SemiBold.ttf */ = {isa = PBXFileReference; lastKnownFileType = file; name = "Inter-SemiBold.ttf"; path = "../../../../../../Downloads/Inter/static/Inter-SemiBold.ttf"; sourceTree = "<group>"; };
		96ADEBAE292F31F500E036E1 /* Inter-Bold.ttf */ = {isa = PBXFileReference; lastKnownFileType = file; name = "Inter-Bold.ttf"; path = "../../../../../../Downloads/Inter/static/Inter-Bold.ttf"; sourceTree = "<group>"; };
		96ADEBAF292F31F500E036E1 /* Inter-Regular.ttf */ = {isa = PBXFileReference; lastKnownFileType = file; name = "Inter-Regular.ttf"; path = "../../../../../../Downloads/Inter/static/Inter-Regular.ttf"; sourceTree = "<group>"; };
		96ADEBB9292F324500E036E1 /* CircularStd-BlackItalic.ttf */ = {isa = PBXFileReference; lastKnownFileType = file; name = "CircularStd-BlackItalic.ttf"; path = "../../../../../../Downloads/circular-std-font-family/CircularStd-BlackItalic.ttf"; sourceTree = "<group>"; };
		96ADEBBA292F324500E036E1 /* CircularStd-BoldItalic.ttf */ = {isa = PBXFileReference; lastKnownFileType = file; name = "CircularStd-BoldItalic.ttf"; path = "../../../../../../Downloads/circular-std-font-family/CircularStd-BoldItalic.ttf"; sourceTree = "<group>"; };
		96ADEBBB292F324500E036E1 /* CircularStd-Medium.ttf */ = {isa = PBXFileReference; lastKnownFileType = file; name = "CircularStd-Medium.ttf"; path = "../../../../../../Downloads/circular-std-font-family/CircularStd-Medium.ttf"; sourceTree = "<group>"; };
		96ADEBBC292F324500E036E1 /* CircularStd-MediumItalic.ttf */ = {isa = PBXFileReference; lastKnownFileType = file; name = "CircularStd-MediumItalic.ttf"; path = "../../../../../../Downloads/circular-std-font-family/CircularStd-MediumItalic.ttf"; sourceTree = "<group>"; };
		96ADEBBD292F324500E036E1 /* CircularStd-Book.ttf */ = {isa = PBXFileReference; lastKnownFileType = file; name = "CircularStd-Book.ttf"; path = "../../../../../../Downloads/circular-std-font-family/CircularStd-Book.ttf"; sourceTree = "<group>"; };
		96ADEBBE292F324500E036E1 /* CircularStd-Black.ttf */ = {isa = PBXFileReference; lastKnownFileType = file; name = "CircularStd-Black.ttf"; path = "../../../../../../Downloads/circular-std-font-family/CircularStd-Black.ttf"; sourceTree = "<group>"; };
		96ADEBBF292F324600E036E1 /* CircularStd-BookItalic.ttf */ = {isa = PBXFileReference; lastKnownFileType = file; name = "CircularStd-BookItalic.ttf"; path = "../../../../../../Downloads/circular-std-font-family/CircularStd-BookItalic.ttf"; sourceTree = "<group>"; };
		96ADEBC0292F324600E036E1 /* CircularStd-Bold.ttf */ = {isa = PBXFileReference; lastKnownFileType = file; name = "CircularStd-Bold.ttf"; path = "../../../../../../Downloads/circular-std-font-family/CircularStd-Bold.ttf"; sourceTree = "<group>"; };
		96ADEBCB292F378200E036E1 /* CategoryCell.swift */ = {isa = PBXFileReference; lastKnownFileType = sourcecode.swift; path = CategoryCell.swift; sourceTree = "<group>"; };
		96ADEBCD292F537B00E036E1 /* MusicTarget.swift */ = {isa = PBXFileReference; lastKnownFileType = sourcecode.swift; path = MusicTarget.swift; sourceTree = "<group>"; };
		96ADEBCF292F538400E036E1 /* ArtistTarget.swift */ = {isa = PBXFileReference; lastKnownFileType = sourcecode.swift; path = ArtistTarget.swift; sourceTree = "<group>"; };
		96ADEBD1292F539000E036E1 /* PlaylistTarget.swift */ = {isa = PBXFileReference; lastKnownFileType = sourcecode.swift; path = PlaylistTarget.swift; sourceTree = "<group>"; };
		96ADEBD3292F540A00E036E1 /* MusicService.swift */ = {isa = PBXFileReference; lastKnownFileType = sourcecode.swift; path = MusicService.swift; sourceTree = "<group>"; };
		96ADEBD5292F542600E036E1 /* ArtistService.swift */ = {isa = PBXFileReference; lastKnownFileType = sourcecode.swift; path = ArtistService.swift; sourceTree = "<group>"; };
		96ADEBD7292F547A00E036E1 /* PlaylistService.swift */ = {isa = PBXFileReference; lastKnownFileType = sourcecode.swift; path = PlaylistService.swift; sourceTree = "<group>"; };
		96ADEBD92932130400E036E1 /* Extension.swift */ = {isa = PBXFileReference; lastKnownFileType = sourcecode.swift; path = Extension.swift; sourceTree = "<group>"; };
		96D694AD2918EF6400F307A4 /* Spotify-Front.app */ = {isa = PBXFileReference; explicitFileType = wrapper.application; includeInIndex = 0; path = "Spotify-Front.app"; sourceTree = BUILT_PRODUCTS_DIR; };
		96D694B02918EF6400F307A4 /* AppDelegate.swift */ = {isa = PBXFileReference; lastKnownFileType = sourcecode.swift; path = AppDelegate.swift; sourceTree = "<group>"; };
		96D694B22918EF6400F307A4 /* SceneDelegate.swift */ = {isa = PBXFileReference; lastKnownFileType = sourcecode.swift; path = SceneDelegate.swift; sourceTree = "<group>"; };
		96D694B42918EF6400F307A4 /* HomeViewController.swift */ = {isa = PBXFileReference; lastKnownFileType = sourcecode.swift; path = HomeViewController.swift; sourceTree = "<group>"; };
		96D694B92918EF6700F307A4 /* Assets.xcassets */ = {isa = PBXFileReference; lastKnownFileType = folder.assetcatalog; path = Assets.xcassets; sourceTree = "<group>"; };
		96D694BC2918EF6700F307A4 /* Base */ = {isa = PBXFileReference; lastKnownFileType = file.storyboard; name = Base; path = Base.lproj/LaunchScreen.storyboard; sourceTree = "<group>"; };
		96D694BE2918EF6700F307A4 /* Info.plist */ = {isa = PBXFileReference; lastKnownFileType = text.plist.xml; path = Info.plist; sourceTree = "<group>"; };
		96D694C32918EF6800F307A4 /* Spotify-FrontTests.xctest */ = {isa = PBXFileReference; explicitFileType = wrapper.cfbundle; includeInIndex = 0; path = "Spotify-FrontTests.xctest"; sourceTree = BUILT_PRODUCTS_DIR; };
		96D694C72918EF6800F307A4 /* Spotify_FrontTests.swift */ = {isa = PBXFileReference; lastKnownFileType = sourcecode.swift; path = Spotify_FrontTests.swift; sourceTree = "<group>"; };
		96D694CD2918EF6800F307A4 /* Spotify-FrontUITests.xctest */ = {isa = PBXFileReference; explicitFileType = wrapper.cfbundle; includeInIndex = 0; path = "Spotify-FrontUITests.xctest"; sourceTree = BUILT_PRODUCTS_DIR; };
		96D694D12918EF6800F307A4 /* Spotify_FrontUITests.swift */ = {isa = PBXFileReference; lastKnownFileType = sourcecode.swift; path = Spotify_FrontUITests.swift; sourceTree = "<group>"; };
		96D694D32918EF6800F307A4 /* Spotify_FrontUITestsLaunchTests.swift */ = {isa = PBXFileReference; lastKnownFileType = sourcecode.swift; path = Spotify_FrontUITestsLaunchTests.swift; sourceTree = "<group>"; };
		9ED3D51840CF351D1C3F5F37 /* Pods_Spotify_FrontTests.framework */ = {isa = PBXFileReference; explicitFileType = wrapper.framework; includeInIndex = 0; path = Pods_Spotify_FrontTests.framework; sourceTree = BUILT_PRODUCTS_DIR; };
		BBF6CA02BE6D9449FA7681D8 /* Pods-Spotify-FrontTests.release.xcconfig */ = {isa = PBXFileReference; includeInIndex = 1; lastKnownFileType = text.xcconfig; name = "Pods-Spotify-FrontTests.release.xcconfig"; path = "Target Support Files/Pods-Spotify-FrontTests/Pods-Spotify-FrontTests.release.xcconfig"; sourceTree = "<group>"; };
		BD1A2B198F5C6A91C34D76E2 /* Pods_Spotify_Front.framework */ = {isa = PBXFileReference; explicitFileType = wrapper.framework; includeInIndex = 0; path = Pods_Spotify_Front.framework; sourceTree = BUILT_PRODUCTS_DIR; };
		C1346F7AEB78AFA5A7A6A2E8 /* Pods-Spotify-Front-Spotify-FrontUITests.release.xcconfig */ = {isa = PBXFileReference; includeInIndex = 1; lastKnownFileType = text.xcconfig; name = "Pods-Spotify-Front-Spotify-FrontUITests.release.xcconfig"; path = "Target Support Files/Pods-Spotify-Front-Spotify-FrontUITests/Pods-Spotify-Front-Spotify-FrontUITests.release.xcconfig"; sourceTree = "<group>"; };
/* End PBXFileReference section */

/* Begin PBXFrameworksBuildPhase section */
		96D694AA2918EF6400F307A4 /* Frameworks */ = {
			isa = PBXFrameworksBuildPhase;
			buildActionMask = 2147483647;
			files = (
				33B45196FABA6D447375E6AF /* Pods_Spotify_Front.framework in Frameworks */,
			);
			runOnlyForDeploymentPostprocessing = 0;
		};
		96D694C02918EF6800F307A4 /* Frameworks */ = {
			isa = PBXFrameworksBuildPhase;
			buildActionMask = 2147483647;
			files = (
				D0388153B3B580A0E5A0D696 /* Pods_Spotify_FrontTests.framework in Frameworks */,
			);
			runOnlyForDeploymentPostprocessing = 0;
		};
		96D694CA2918EF6800F307A4 /* Frameworks */ = {
			isa = PBXFrameworksBuildPhase;
			buildActionMask = 2147483647;
			files = (
				3D429E1147D5407CFA4F7459 /* Pods_Spotify_Front_Spotify_FrontUITests.framework in Frameworks */,
			);
			runOnlyForDeploymentPostprocessing = 0;
		};
/* End PBXFrameworksBuildPhase section */

/* Begin PBXGroup section */
		966CF0932919544F00413486 /* Common */ = {
			isa = PBXGroup;
			children = (
				966CF0DD2928D1B500413486 /* API */,
				966CF0DC2928D1AE00413486 /* Target */,
				966CF0942919545A00413486 /* Util.swift */,
				966CF0B9291F6F8200413486 /* Data.swift */,
				966CF0C629220EA500413486 /* WaveForm.swift */,
				96ADEBD92932130400E036E1 /* Extension.swift */,
			);
			path = Common;
			sourceTree = "<group>";
		};
		966CF096291A854E00413486 /* resources */ = {
			isa = PBXGroup;
			children = (
				96ADEBA1292F30B900E036E1 /* font */,
				96ADEBA0292F30AF00E036E1 /* audio */,
			);
			path = resources;
			sourceTree = "<group>";
		};
		966CF09D291A8BA300413486 /* ViewController */ = {
			isa = PBXGroup;
			children = (
				96D694B42918EF6400F307A4 /* HomeViewController.swift */,
				966CF0AB291CCEAE00413486 /* LibraryViewController.swift */,
				966CF0B5291E72AF00413486 /* SearchViewController.swift */,
				966CF0BD2922013A00413486 /* MusicPlayerViewController.swift */,
				966CF0BF2922024400413486 /* MusicMenuViewController.swift */,
				966CF0C12922025B00413486 /* AlbumListViewController.swift */,
			);
			path = ViewController;
			sourceTree = "<group>";
		};
		966CF0A0291A8E1C00413486 /* Model */ = {
			isa = PBXGroup;
			children = (
				966CF0A1291A8E2F00413486 /* Playlist.swift */,
				966CF0AD291CD1BC00413486 /* Episode.swift */,
				966CF0B3291E378600413486 /* Music.swift */,
				966CF0B7291F6D5500413486 /* Search.swift */,
				966CF0D42923BDEE00413486 /* Artist.swift */,
				966CF0D62923BE0000413486 /* Album.swift */,
			);
			path = Model;
			sourceTree = "<group>";
		};
		966CF0DC2928D1AE00413486 /* Target */ = {
			isa = PBXGroup;
			children = (
				966CF0DA2928B87400413486 /* AlbumTarget.swift */,
				969BFBE2292A10EC008F5342 /* SearchTarget.swift */,
				96ADEBCD292F537B00E036E1 /* MusicTarget.swift */,
				96ADEBCF292F538400E036E1 /* ArtistTarget.swift */,
				96ADEBD1292F539000E036E1 /* PlaylistTarget.swift */,
			);
			path = Target;
			sourceTree = "<group>";
		};
		966CF0DD2928D1B500413486 /* API */ = {
			isa = PBXGroup;
			children = (
				966CF0DE2928D1DA00413486 /* AlbumService.swift */,
				969BFBE6292A7FB9008F5342 /* SearchService.swift */,
				96ADEBD3292F540A00E036E1 /* MusicService.swift */,
				96ADEBD5292F542600E036E1 /* ArtistService.swift */,
				96ADEBD7292F547A00E036E1 /* PlaylistService.swift */,
			);
			path = API;
			sourceTree = "<group>";
		};
		96ADEB9E292F307900E036E1 /* Cell */ = {
			isa = PBXGroup;
			children = (
				966CF09E291A8BE100413486 /* PlaylistCell.swift */,
				966CF0AF291CD22F00413486 /* EpisodeCell.swift */,
				966CF0BB291F7BA100413486 /* SearchHistoryCell.swift */,
				966CF0CA292223C900413486 /* SongCell.swift */,
				969BFBE4292A13E7008F5342 /* SearchCell.swift */,
				96ADEBCB292F378200E036E1 /* CategoryCell.swift */,
			);
			path = Cell;
			sourceTree = "<group>";
		};
		96ADEB9F292F308300E036E1 /* View */ = {
			isa = PBXGroup;
			children = (
				966CF0B1291E36A500413486 /* NowPlayingView.swift */,
			);
			path = View;
			sourceTree = "<group>";
		};
		96ADEBA0292F30AF00E036E1 /* audio */ = {
			isa = PBXGroup;
			children = (
				96ADEBA6292F30EA00E036E1 /* Music 1.mp3 */,
			);
			path = audio;
			sourceTree = "<group>";
		};
		96ADEBA1292F30B900E036E1 /* font */ = {
			isa = PBXGroup;
			children = (
				96ADEBBE292F324500E036E1 /* CircularStd-Black.ttf */,
				96ADEBB9292F324500E036E1 /* CircularStd-BlackItalic.ttf */,
				96ADEBC0292F324600E036E1 /* CircularStd-Bold.ttf */,
				96ADEBBA292F324500E036E1 /* CircularStd-BoldItalic.ttf */,
				96ADEBBD292F324500E036E1 /* CircularStd-Book.ttf */,
				96ADEBBF292F324600E036E1 /* CircularStd-BookItalic.ttf */,
				96ADEBBB292F324500E036E1 /* CircularStd-Medium.ttf */,
				96ADEBBC292F324500E036E1 /* CircularStd-MediumItalic.ttf */,
				96ADEBA9292F31F400E036E1 /* Inter-Black.ttf */,
				96ADEBAE292F31F500E036E1 /* Inter-Bold.ttf */,
				96ADEBAB292F31F400E036E1 /* Inter-ExtraBold.ttf */,
				96ADEBA8292F31F400E036E1 /* Inter-ExtraLight.ttf */,
				96ADEBA7292F31F400E036E1 /* Inter-Light.ttf */,
				96ADEBAC292F31F500E036E1 /* Inter-Medium.ttf */,
				96ADEBAF292F31F500E036E1 /* Inter-Regular.ttf */,
				96ADEBAD292F31F500E036E1 /* Inter-SemiBold.ttf */,
				96ADEBAA292F31F400E036E1 /* Inter-Thin.ttf */,
			);
			path = font;
			sourceTree = "<group>";
		};
		96D694A42918EF6300F307A4 = {
			isa = PBXGroup;
			children = (
				96D694AF2918EF6400F307A4 /* Spotify-Front */,
				96D694C62918EF6800F307A4 /* Spotify-FrontTests */,
				96D694D02918EF6800F307A4 /* Spotify-FrontUITests */,
				96D694AE2918EF6400F307A4 /* Products */,
				DB12AAA66FC527C61880D4E6 /* Pods */,
				B77D9AEE613B5B903EA8D8A2 /* Frameworks */,
			);
			sourceTree = "<group>";
		};
		96D694AE2918EF6400F307A4 /* Products */ = {
			isa = PBXGroup;
			children = (
				96D694AD2918EF6400F307A4 /* Spotify-Front.app */,
				96D694C32918EF6800F307A4 /* Spotify-FrontTests.xctest */,
				96D694CD2918EF6800F307A4 /* Spotify-FrontUITests.xctest */,
			);
			name = Products;
			sourceTree = "<group>";
		};
		96D694AF2918EF6400F307A4 /* Spotify-Front */ = {
			isa = PBXGroup;
			children = (
				96ADEB9F292F308300E036E1 /* View */,
				96ADEB9E292F307900E036E1 /* Cell */,
				966CF0A0291A8E1C00413486 /* Model */,
				966CF09D291A8BA300413486 /* ViewController */,
				966CF096291A854E00413486 /* resources */,
				966CF0932919544F00413486 /* Common */,
				96D694B02918EF6400F307A4 /* AppDelegate.swift */,
				96D694B22918EF6400F307A4 /* SceneDelegate.swift */,
				96D694B92918EF6700F307A4 /* Assets.xcassets */,
				96D694BB2918EF6700F307A4 /* LaunchScreen.storyboard */,
				96D694BE2918EF6700F307A4 /* Info.plist */,
			);
			path = "Spotify-Front";
			sourceTree = "<group>";
		};
		96D694C62918EF6800F307A4 /* Spotify-FrontTests */ = {
			isa = PBXGroup;
			children = (
				96D694C72918EF6800F307A4 /* Spotify_FrontTests.swift */,
			);
			path = "Spotify-FrontTests";
			sourceTree = "<group>";
		};
		96D694D02918EF6800F307A4 /* Spotify-FrontUITests */ = {
			isa = PBXGroup;
			children = (
				96D694D12918EF6800F307A4 /* Spotify_FrontUITests.swift */,
				96D694D32918EF6800F307A4 /* Spotify_FrontUITestsLaunchTests.swift */,
			);
			path = "Spotify-FrontUITests";
			sourceTree = "<group>";
		};
		B77D9AEE613B5B903EA8D8A2 /* Frameworks */ = {
			isa = PBXGroup;
			children = (
				BD1A2B198F5C6A91C34D76E2 /* Pods_Spotify_Front.framework */,
				2074DA9241ECC2AFE5A8993C /* Pods_Spotify_Front_Spotify_FrontUITests.framework */,
				9ED3D51840CF351D1C3F5F37 /* Pods_Spotify_FrontTests.framework */,
			);
			name = Frameworks;
			sourceTree = "<group>";
		};
		DB12AAA66FC527C61880D4E6 /* Pods */ = {
			isa = PBXGroup;
			children = (
				69868F65F3B3AC395C738723 /* Pods-Spotify-Front.debug.xcconfig */,
				04F4AFB6DE5605CEC1E035C7 /* Pods-Spotify-Front.release.xcconfig */,
				0D3A954D1ED04193C3014F59 /* Pods-Spotify-Front-Spotify-FrontUITests.debug.xcconfig */,
				C1346F7AEB78AFA5A7A6A2E8 /* Pods-Spotify-Front-Spotify-FrontUITests.release.xcconfig */,
				3876A9CB43C72AB07E9DD88B /* Pods-Spotify-FrontTests.debug.xcconfig */,
				BBF6CA02BE6D9449FA7681D8 /* Pods-Spotify-FrontTests.release.xcconfig */,
			);
			path = Pods;
			sourceTree = "<group>";
		};
/* End PBXGroup section */

/* Begin PBXNativeTarget section */
		96D694AC2918EF6400F307A4 /* Spotify-Front */ = {
			isa = PBXNativeTarget;
			buildConfigurationList = 96D694D72918EF6800F307A4 /* Build configuration list for PBXNativeTarget "Spotify-Front" */;
			buildPhases = (
				7DC8B071E2030D889435F00E /* [CP] Check Pods Manifest.lock */,
				96D694A92918EF6400F307A4 /* Sources */,
				96D694AA2918EF6400F307A4 /* Frameworks */,
				96D694AB2918EF6400F307A4 /* Resources */,
				8F5E4308C7927F560FE05313 /* [CP] Embed Pods Frameworks */,
			);
			buildRules = (
			);
			dependencies = (
			);
			name = "Spotify-Front";
			productName = "Spotify-Front";
			productReference = 96D694AD2918EF6400F307A4 /* Spotify-Front.app */;
			productType = "com.apple.product-type.application";
		};
		96D694C22918EF6800F307A4 /* Spotify-FrontTests */ = {
			isa = PBXNativeTarget;
			buildConfigurationList = 96D694DA2918EF6800F307A4 /* Build configuration list for PBXNativeTarget "Spotify-FrontTests" */;
			buildPhases = (
				2B5B0664AC29C82BD6A79410 /* [CP] Check Pods Manifest.lock */,
				96D694BF2918EF6800F307A4 /* Sources */,
				96D694C02918EF6800F307A4 /* Frameworks */,
				96D694C12918EF6800F307A4 /* Resources */,
			);
			buildRules = (
			);
			dependencies = (
				96D694C52918EF6800F307A4 /* PBXTargetDependency */,
			);
			name = "Spotify-FrontTests";
			productName = "Spotify-FrontTests";
			productReference = 96D694C32918EF6800F307A4 /* Spotify-FrontTests.xctest */;
			productType = "com.apple.product-type.bundle.unit-test";
		};
		96D694CC2918EF6800F307A4 /* Spotify-FrontUITests */ = {
			isa = PBXNativeTarget;
			buildConfigurationList = 96D694DD2918EF6800F307A4 /* Build configuration list for PBXNativeTarget "Spotify-FrontUITests" */;
			buildPhases = (
				95CB6692C51E896ECFA9BBF3 /* [CP] Check Pods Manifest.lock */,
				96D694C92918EF6800F307A4 /* Sources */,
				96D694CA2918EF6800F307A4 /* Frameworks */,
				96D694CB2918EF6800F307A4 /* Resources */,
				79BF2C3460BAEDA87898F83C /* [CP] Embed Pods Frameworks */,
			);
			buildRules = (
			);
			dependencies = (
				96D694CF2918EF6800F307A4 /* PBXTargetDependency */,
			);
			name = "Spotify-FrontUITests";
			productName = "Spotify-FrontUITests";
			productReference = 96D694CD2918EF6800F307A4 /* Spotify-FrontUITests.xctest */;
			productType = "com.apple.product-type.bundle.ui-testing";
		};
/* End PBXNativeTarget section */

/* Begin PBXProject section */
		96D694A52918EF6300F307A4 /* Project object */ = {
			isa = PBXProject;
			attributes = {
				BuildIndependentTargetsInParallel = 1;
				LastSwiftUpdateCheck = 1400;
				LastUpgradeCheck = 1400;
				TargetAttributes = {
					96D694AC2918EF6400F307A4 = {
						CreatedOnToolsVersion = 14.0.1;
					};
					96D694C22918EF6800F307A4 = {
						CreatedOnToolsVersion = 14.0.1;
						TestTargetID = 96D694AC2918EF6400F307A4;
					};
					96D694CC2918EF6800F307A4 = {
						CreatedOnToolsVersion = 14.0.1;
						TestTargetID = 96D694AC2918EF6400F307A4;
					};
				};
			};
			buildConfigurationList = 96D694A82918EF6300F307A4 /* Build configuration list for PBXProject "Spotify-Front" */;
			compatibilityVersion = "Xcode 14.0";
			developmentRegion = en;
			hasScannedForEncodings = 0;
			knownRegions = (
				en,
				Base,
			);
			mainGroup = 96D694A42918EF6300F307A4;
			productRefGroup = 96D694AE2918EF6400F307A4 /* Products */;
			projectDirPath = "";
			projectRoot = "";
			targets = (
				96D694AC2918EF6400F307A4 /* Spotify-Front */,
				96D694C22918EF6800F307A4 /* Spotify-FrontTests */,
				96D694CC2918EF6800F307A4 /* Spotify-FrontUITests */,
			);
		};
/* End PBXProject section */

/* Begin PBXResourcesBuildPhase section */
		96D694AB2918EF6400F307A4 /* Resources */ = {
			isa = PBXResourcesBuildPhase;
			buildActionMask = 2147483647;
			files = (
				96D694BD2918EF6700F307A4 /* LaunchScreen.storyboard in Resources */,
				96ADEBB0292F31F500E036E1 /* Inter-Light.ttf in Resources */,
				96ADEBC6292F324600E036E1 /* CircularStd-Black.ttf in Resources */,
				96ADEBB3292F31F500E036E1 /* Inter-Thin.ttf in Resources */,
				96ADEBB6292F31F500E036E1 /* Inter-SemiBold.ttf in Resources */,
				96ADEBB4292F31F500E036E1 /* Inter-ExtraBold.ttf in Resources */,
				96ADEBB5292F31F500E036E1 /* Inter-Medium.ttf in Resources */,
				96ADEBC2292F324600E036E1 /* CircularStd-BoldItalic.ttf in Resources */,
				96ADEBB7292F31F500E036E1 /* Inter-Bold.ttf in Resources */,
				96ADEBC5292F324600E036E1 /* CircularStd-Book.ttf in Resources */,
				96ADEBC1292F324600E036E1 /* CircularStd-BlackItalic.ttf in Resources */,
				96ADEBB2292F31F500E036E1 /* Inter-Black.ttf in Resources */,
				96ADEBC3292F324600E036E1 /* CircularStd-Medium.ttf in Resources */,
				96ADEBB8292F31F500E036E1 /* Inter-Regular.ttf in Resources */,
				96ADEBC8292F324600E036E1 /* CircularStd-Bold.ttf in Resources */,
				96ADEBC7292F324600E036E1 /* CircularStd-BookItalic.ttf in Resources */,
				96D694BA2918EF6700F307A4 /* Assets.xcassets in Resources */,
				96ADEBB1292F31F500E036E1 /* Inter-ExtraLight.ttf in Resources */,
				96ADEBC4292F324600E036E1 /* CircularStd-MediumItalic.ttf in Resources */,
			);
			runOnlyForDeploymentPostprocessing = 0;
		};
		96D694C12918EF6800F307A4 /* Resources */ = {
			isa = PBXResourcesBuildPhase;
			buildActionMask = 2147483647;
			files = (
			);
			runOnlyForDeploymentPostprocessing = 0;
		};
		96D694CB2918EF6800F307A4 /* Resources */ = {
			isa = PBXResourcesBuildPhase;
			buildActionMask = 2147483647;
			files = (
			);
			runOnlyForDeploymentPostprocessing = 0;
		};
/* End PBXResourcesBuildPhase section */

/* Begin PBXShellScriptBuildPhase section */
		2B5B0664AC29C82BD6A79410 /* [CP] Check Pods Manifest.lock */ = {
			isa = PBXShellScriptBuildPhase;
			buildActionMask = 2147483647;
			files = (
			);
			inputFileListPaths = (
			);
			inputPaths = (
				"${PODS_PODFILE_DIR_PATH}/Podfile.lock",
				"${PODS_ROOT}/Manifest.lock",
			);
			name = "[CP] Check Pods Manifest.lock";
			outputFileListPaths = (
			);
			outputPaths = (
				"$(DERIVED_FILE_DIR)/Pods-Spotify-FrontTests-checkManifestLockResult.txt",
			);
			runOnlyForDeploymentPostprocessing = 0;
			shellPath = /bin/sh;
			shellScript = "diff \"${PODS_PODFILE_DIR_PATH}/Podfile.lock\" \"${PODS_ROOT}/Manifest.lock\" > /dev/null\nif [ $? != 0 ] ; then\n    # print error to STDERR\n    echo \"error: The sandbox is not in sync with the Podfile.lock. Run 'pod install' or update your CocoaPods installation.\" >&2\n    exit 1\nfi\n# This output is used by Xcode 'outputs' to avoid re-running this script phase.\necho \"SUCCESS\" > \"${SCRIPT_OUTPUT_FILE_0}\"\n";
			showEnvVarsInLog = 0;
		};
		79BF2C3460BAEDA87898F83C /* [CP] Embed Pods Frameworks */ = {
			isa = PBXShellScriptBuildPhase;
			buildActionMask = 2147483647;
			files = (
			);
			inputFileListPaths = (
				"${PODS_ROOT}/Target Support Files/Pods-Spotify-Front-Spotify-FrontUITests/Pods-Spotify-Front-Spotify-FrontUITests-frameworks-${CONFIGURATION}-input-files.xcfilelist",
			);
			name = "[CP] Embed Pods Frameworks";
			outputFileListPaths = (
				"${PODS_ROOT}/Target Support Files/Pods-Spotify-Front-Spotify-FrontUITests/Pods-Spotify-Front-Spotify-FrontUITests-frameworks-${CONFIGURATION}-output-files.xcfilelist",
			);
			runOnlyForDeploymentPostprocessing = 0;
			shellPath = /bin/sh;
			shellScript = "\"${PODS_ROOT}/Target Support Files/Pods-Spotify-Front-Spotify-FrontUITests/Pods-Spotify-Front-Spotify-FrontUITests-frameworks.sh\"\n";
			showEnvVarsInLog = 0;
		};
		7DC8B071E2030D889435F00E /* [CP] Check Pods Manifest.lock */ = {
			isa = PBXShellScriptBuildPhase;
			buildActionMask = 2147483647;
			files = (
			);
			inputFileListPaths = (
			);
			inputPaths = (
				"${PODS_PODFILE_DIR_PATH}/Podfile.lock",
				"${PODS_ROOT}/Manifest.lock",
			);
			name = "[CP] Check Pods Manifest.lock";
			outputFileListPaths = (
			);
			outputPaths = (
				"$(DERIVED_FILE_DIR)/Pods-Spotify-Front-checkManifestLockResult.txt",
			);
			runOnlyForDeploymentPostprocessing = 0;
			shellPath = /bin/sh;
			shellScript = "diff \"${PODS_PODFILE_DIR_PATH}/Podfile.lock\" \"${PODS_ROOT}/Manifest.lock\" > /dev/null\nif [ $? != 0 ] ; then\n    # print error to STDERR\n    echo \"error: The sandbox is not in sync with the Podfile.lock. Run 'pod install' or update your CocoaPods installation.\" >&2\n    exit 1\nfi\n# This output is used by Xcode 'outputs' to avoid re-running this script phase.\necho \"SUCCESS\" > \"${SCRIPT_OUTPUT_FILE_0}\"\n";
			showEnvVarsInLog = 0;
		};
		8F5E4308C7927F560FE05313 /* [CP] Embed Pods Frameworks */ = {
			isa = PBXShellScriptBuildPhase;
			buildActionMask = 2147483647;
			files = (
			);
			inputFileListPaths = (
				"${PODS_ROOT}/Target Support Files/Pods-Spotify-Front/Pods-Spotify-Front-frameworks-${CONFIGURATION}-input-files.xcfilelist",
			);
			name = "[CP] Embed Pods Frameworks";
			outputFileListPaths = (
				"${PODS_ROOT}/Target Support Files/Pods-Spotify-Front/Pods-Spotify-Front-frameworks-${CONFIGURATION}-output-files.xcfilelist",
			);
			runOnlyForDeploymentPostprocessing = 0;
			shellPath = /bin/sh;
			shellScript = "\"${PODS_ROOT}/Target Support Files/Pods-Spotify-Front/Pods-Spotify-Front-frameworks.sh\"\n";
			showEnvVarsInLog = 0;
		};
		95CB6692C51E896ECFA9BBF3 /* [CP] Check Pods Manifest.lock */ = {
			isa = PBXShellScriptBuildPhase;
			buildActionMask = 2147483647;
			files = (
			);
			inputFileListPaths = (
			);
			inputPaths = (
				"${PODS_PODFILE_DIR_PATH}/Podfile.lock",
				"${PODS_ROOT}/Manifest.lock",
			);
			name = "[CP] Check Pods Manifest.lock";
			outputFileListPaths = (
			);
			outputPaths = (
				"$(DERIVED_FILE_DIR)/Pods-Spotify-Front-Spotify-FrontUITests-checkManifestLockResult.txt",
			);
			runOnlyForDeploymentPostprocessing = 0;
			shellPath = /bin/sh;
			shellScript = "diff \"${PODS_PODFILE_DIR_PATH}/Podfile.lock\" \"${PODS_ROOT}/Manifest.lock\" > /dev/null\nif [ $? != 0 ] ; then\n    # print error to STDERR\n    echo \"error: The sandbox is not in sync with the Podfile.lock. Run 'pod install' or update your CocoaPods installation.\" >&2\n    exit 1\nfi\n# This output is used by Xcode 'outputs' to avoid re-running this script phase.\necho \"SUCCESS\" > \"${SCRIPT_OUTPUT_FILE_0}\"\n";
			showEnvVarsInLog = 0;
		};
/* End PBXShellScriptBuildPhase section */

/* Begin PBXSourcesBuildPhase section */
		96D694A92918EF6400F307A4 /* Sources */ = {
			isa = PBXSourcesBuildPhase;
			buildActionMask = 2147483647;
			files = (
				96ADEBD6292F542600E036E1 /* ArtistService.swift in Sources */,
				966CF0B8291F6D5500413486 /* Search.swift in Sources */,
				96D694B52918EF6400F307A4 /* HomeViewController.swift in Sources */,
				966CF0C22922025B00413486 /* AlbumListViewController.swift in Sources */,
				966CF0C729220EA500413486 /* WaveForm.swift in Sources */,
				966CF0B0291CD22F00413486 /* EpisodeCell.swift in Sources */,
				966CF0AC291CCEAE00413486 /* LibraryViewController.swift in Sources */,
				966CF0D52923BDEE00413486 /* Artist.swift in Sources */,
				96ADEBD2292F539000E036E1 /* PlaylistTarget.swift in Sources */,
				969BFBE3292A10EC008F5342 /* SearchTarget.swift in Sources */,
				969BFBE7292A7FB9008F5342 /* SearchService.swift in Sources */,
				96ADEBCE292F537B00E036E1 /* MusicTarget.swift in Sources */,
				96ADEBD8292F547A00E036E1 /* PlaylistService.swift in Sources */,
				969BFBE5292A13E7008F5342 /* SearchCell.swift in Sources */,
				966CF0BC291F7BA100413486 /* SearchHistoryCell.swift in Sources */,
				966CF0B2291E36A600413486 /* NowPlayingView.swift in Sources */,
				96D694B12918EF6400F307A4 /* AppDelegate.swift in Sources */,
				966CF0C02922024400413486 /* MusicMenuViewController.swift in Sources */,
				966CF0BE2922013B00413486 /* MusicPlayerViewController.swift in Sources */,
				966CF0DF2928D1DA00413486 /* AlbumService.swift in Sources */,
				96ADEBCC292F378200E036E1 /* CategoryCell.swift in Sources */,
				96D694B32918EF6400F307A4 /* SceneDelegate.swift in Sources */,
				966CF0CB292223C900413486 /* SongCell.swift in Sources */,
				966CF0BA291F6F8200413486 /* Data.swift in Sources */,
				966CF0B6291E72AF00413486 /* SearchViewController.swift in Sources */,
				966CF0952919545A00413486 /* Util.swift in Sources */,
				96ADEBD4292F540A00E036E1 /* MusicService.swift in Sources */,
				966CF09F291A8BE100413486 /* PlaylistCell.swift in Sources */,
				966CF0AE291CD1BC00413486 /* Episode.swift in Sources */,
				966CF0D72923BE0000413486 /* Album.swift in Sources */,
				96ADEBDA2932130500E036E1 /* Extension.swift in Sources */,
				966CF0A2291A8E2F00413486 /* Playlist.swift in Sources */,
				966CF0DB2928B87400413486 /* AlbumTarget.swift in Sources */,
				966CF0B4291E378600413486 /* Music.swift in Sources */,
				96ADEBD0292F538400E036E1 /* ArtistTarget.swift in Sources */,
			);
			runOnlyForDeploymentPostprocessing = 0;
		};
		96D694BF2918EF6800F307A4 /* Sources */ = {
			isa = PBXSourcesBuildPhase;
			buildActionMask = 2147483647;
			files = (
				96D694C82918EF6800F307A4 /* Spotify_FrontTests.swift in Sources */,
			);
			runOnlyForDeploymentPostprocessing = 0;
		};
		96D694C92918EF6800F307A4 /* Sources */ = {
			isa = PBXSourcesBuildPhase;
			buildActionMask = 2147483647;
			files = (
				96D694D22918EF6800F307A4 /* Spotify_FrontUITests.swift in Sources */,
				96D694D42918EF6800F307A4 /* Spotify_FrontUITestsLaunchTests.swift in Sources */,
			);
			runOnlyForDeploymentPostprocessing = 0;
		};
/* End PBXSourcesBuildPhase section */

/* Begin PBXTargetDependency section */
		96D694C52918EF6800F307A4 /* PBXTargetDependency */ = {
			isa = PBXTargetDependency;
			target = 96D694AC2918EF6400F307A4 /* Spotify-Front */;
			targetProxy = 96D694C42918EF6800F307A4 /* PBXContainerItemProxy */;
		};
		96D694CF2918EF6800F307A4 /* PBXTargetDependency */ = {
			isa = PBXTargetDependency;
			target = 96D694AC2918EF6400F307A4 /* Spotify-Front */;
			targetProxy = 96D694CE2918EF6800F307A4 /* PBXContainerItemProxy */;
		};
/* End PBXTargetDependency section */

/* Begin PBXVariantGroup section */
		96D694BB2918EF6700F307A4 /* LaunchScreen.storyboard */ = {
			isa = PBXVariantGroup;
			children = (
				96D694BC2918EF6700F307A4 /* Base */,
			);
			name = LaunchScreen.storyboard;
			sourceTree = "<group>";
		};
/* End PBXVariantGroup section */

/* Begin XCBuildConfiguration section */
		96D694D52918EF6800F307A4 /* Debug */ = {
			isa = XCBuildConfiguration;
			buildSettings = {
				ALWAYS_SEARCH_USER_PATHS = NO;
				CLANG_ANALYZER_NONNULL = YES;
				CLANG_ANALYZER_NUMBER_OBJECT_CONVERSION = YES_AGGRESSIVE;
				CLANG_CXX_LANGUAGE_STANDARD = "gnu++20";
				CLANG_ENABLE_MODULES = YES;
				CLANG_ENABLE_OBJC_ARC = YES;
				CLANG_ENABLE_OBJC_WEAK = YES;
				CLANG_WARN_BLOCK_CAPTURE_AUTORELEASING = YES;
				CLANG_WARN_BOOL_CONVERSION = YES;
				CLANG_WARN_COMMA = YES;
				CLANG_WARN_CONSTANT_CONVERSION = YES;
				CLANG_WARN_DEPRECATED_OBJC_IMPLEMENTATIONS = YES;
				CLANG_WARN_DIRECT_OBJC_ISA_USAGE = YES_ERROR;
				CLANG_WARN_DOCUMENTATION_COMMENTS = YES;
				CLANG_WARN_EMPTY_BODY = YES;
				CLANG_WARN_ENUM_CONVERSION = YES;
				CLANG_WARN_INFINITE_RECURSION = YES;
				CLANG_WARN_INT_CONVERSION = YES;
				CLANG_WARN_NON_LITERAL_NULL_CONVERSION = YES;
				CLANG_WARN_OBJC_IMPLICIT_RETAIN_SELF = YES;
				CLANG_WARN_OBJC_LITERAL_CONVERSION = YES;
				CLANG_WARN_OBJC_ROOT_CLASS = YES_ERROR;
				CLANG_WARN_QUOTED_INCLUDE_IN_FRAMEWORK_HEADER = YES;
				CLANG_WARN_RANGE_LOOP_ANALYSIS = YES;
				CLANG_WARN_STRICT_PROTOTYPES = YES;
				CLANG_WARN_SUSPICIOUS_MOVE = YES;
				CLANG_WARN_UNGUARDED_AVAILABILITY = YES_AGGRESSIVE;
				CLANG_WARN_UNREACHABLE_CODE = YES;
				CLANG_WARN__DUPLICATE_METHOD_MATCH = YES;
				COPY_PHASE_STRIP = NO;
				DEBUG_INFORMATION_FORMAT = dwarf;
				ENABLE_STRICT_OBJC_MSGSEND = YES;
				ENABLE_TESTABILITY = YES;
				GCC_C_LANGUAGE_STANDARD = gnu11;
				GCC_DYNAMIC_NO_PIC = NO;
				GCC_NO_COMMON_BLOCKS = YES;
				GCC_OPTIMIZATION_LEVEL = 0;
				GCC_PREPROCESSOR_DEFINITIONS = (
					"DEBUG=1",
					"$(inherited)",
				);
				GCC_WARN_64_TO_32_BIT_CONVERSION = YES;
				GCC_WARN_ABOUT_RETURN_TYPE = YES_ERROR;
				GCC_WARN_UNDECLARED_SELECTOR = YES;
				GCC_WARN_UNINITIALIZED_AUTOS = YES_AGGRESSIVE;
				GCC_WARN_UNUSED_FUNCTION = YES;
				GCC_WARN_UNUSED_VARIABLE = YES;
				IPHONEOS_DEPLOYMENT_TARGET = 16.0;
				MTL_ENABLE_DEBUG_INFO = INCLUDE_SOURCE;
				MTL_FAST_MATH = YES;
				ONLY_ACTIVE_ARCH = YES;
				SDKROOT = iphoneos;
				SWIFT_ACTIVE_COMPILATION_CONDITIONS = DEBUG;
				SWIFT_OPTIMIZATION_LEVEL = "-Onone";
			};
			name = Debug;
		};
		96D694D62918EF6800F307A4 /* Release */ = {
			isa = XCBuildConfiguration;
			buildSettings = {
				ALWAYS_SEARCH_USER_PATHS = NO;
				CLANG_ANALYZER_NONNULL = YES;
				CLANG_ANALYZER_NUMBER_OBJECT_CONVERSION = YES_AGGRESSIVE;
				CLANG_CXX_LANGUAGE_STANDARD = "gnu++20";
				CLANG_ENABLE_MODULES = YES;
				CLANG_ENABLE_OBJC_ARC = YES;
				CLANG_ENABLE_OBJC_WEAK = YES;
				CLANG_WARN_BLOCK_CAPTURE_AUTORELEASING = YES;
				CLANG_WARN_BOOL_CONVERSION = YES;
				CLANG_WARN_COMMA = YES;
				CLANG_WARN_CONSTANT_CONVERSION = YES;
				CLANG_WARN_DEPRECATED_OBJC_IMPLEMENTATIONS = YES;
				CLANG_WARN_DIRECT_OBJC_ISA_USAGE = YES_ERROR;
				CLANG_WARN_DOCUMENTATION_COMMENTS = YES;
				CLANG_WARN_EMPTY_BODY = YES;
				CLANG_WARN_ENUM_CONVERSION = YES;
				CLANG_WARN_INFINITE_RECURSION = YES;
				CLANG_WARN_INT_CONVERSION = YES;
				CLANG_WARN_NON_LITERAL_NULL_CONVERSION = YES;
				CLANG_WARN_OBJC_IMPLICIT_RETAIN_SELF = YES;
				CLANG_WARN_OBJC_LITERAL_CONVERSION = YES;
				CLANG_WARN_OBJC_ROOT_CLASS = YES_ERROR;
				CLANG_WARN_QUOTED_INCLUDE_IN_FRAMEWORK_HEADER = YES;
				CLANG_WARN_RANGE_LOOP_ANALYSIS = YES;
				CLANG_WARN_STRICT_PROTOTYPES = YES;
				CLANG_WARN_SUSPICIOUS_MOVE = YES;
				CLANG_WARN_UNGUARDED_AVAILABILITY = YES_AGGRESSIVE;
				CLANG_WARN_UNREACHABLE_CODE = YES;
				CLANG_WARN__DUPLICATE_METHOD_MATCH = YES;
				COPY_PHASE_STRIP = NO;
				DEBUG_INFORMATION_FORMAT = "dwarf-with-dsym";
				ENABLE_NS_ASSERTIONS = NO;
				ENABLE_STRICT_OBJC_MSGSEND = YES;
				GCC_C_LANGUAGE_STANDARD = gnu11;
				GCC_NO_COMMON_BLOCKS = YES;
				GCC_WARN_64_TO_32_BIT_CONVERSION = YES;
				GCC_WARN_ABOUT_RETURN_TYPE = YES_ERROR;
				GCC_WARN_UNDECLARED_SELECTOR = YES;
				GCC_WARN_UNINITIALIZED_AUTOS = YES_AGGRESSIVE;
				GCC_WARN_UNUSED_FUNCTION = YES;
				GCC_WARN_UNUSED_VARIABLE = YES;
				IPHONEOS_DEPLOYMENT_TARGET = 16.0;
				MTL_ENABLE_DEBUG_INFO = NO;
				MTL_FAST_MATH = YES;
				SDKROOT = iphoneos;
				SWIFT_COMPILATION_MODE = wholemodule;
				SWIFT_OPTIMIZATION_LEVEL = "-O";
				VALIDATE_PRODUCT = YES;
			};
			name = Release;
		};
		96D694D82918EF6800F307A4 /* Debug */ = {
			isa = XCBuildConfiguration;
			baseConfigurationReference = 69868F65F3B3AC395C738723 /* Pods-Spotify-Front.debug.xcconfig */;
			buildSettings = {
				ASSETCATALOG_COMPILER_APPICON_NAME = AppIcon;
				ASSETCATALOG_COMPILER_GLOBAL_ACCENT_COLOR_NAME = AccentColor;
				CODE_SIGN_STYLE = Automatic;
				CURRENT_PROJECT_VERSION = 1;
				DEVELOPMENT_TEAM = 8K4KVU9S56;
				GENERATE_INFOPLIST_FILE = YES;
				INFOPLIST_FILE = "Spotify-Front/Info.plist";
				INFOPLIST_KEY_UIApplicationSupportsIndirectInputEvents = YES;
				INFOPLIST_KEY_UILaunchStoryboardName = LaunchScreen;
				INFOPLIST_KEY_UISupportedInterfaceOrientations_iPad = "UIInterfaceOrientationPortrait UIInterfaceOrientationPortraitUpsideDown UIInterfaceOrientationLandscapeLeft UIInterfaceOrientationLandscapeRight";
				INFOPLIST_KEY_UISupportedInterfaceOrientations_iPhone = "UIInterfaceOrientationPortrait UIInterfaceOrientationLandscapeLeft UIInterfaceOrientationLandscapeRight";
				LD_RUNPATH_SEARCH_PATHS = (
					"$(inherited)",
					"@executable_path/Frameworks",
				);
				MARKETING_VERSION = 1.0;
				PRODUCT_BUNDLE_IDENTIFIER = "com.song.Spotify-Front";
				PRODUCT_NAME = "$(TARGET_NAME)";
				SWIFT_EMIT_LOC_STRINGS = YES;
				SWIFT_VERSION = 5.0;
				TARGETED_DEVICE_FAMILY = "1,2";
			};
			name = Debug;
		};
		96D694D92918EF6800F307A4 /* Release */ = {
			isa = XCBuildConfiguration;
			baseConfigurationReference = 04F4AFB6DE5605CEC1E035C7 /* Pods-Spotify-Front.release.xcconfig */;
			buildSettings = {
				ASSETCATALOG_COMPILER_APPICON_NAME = AppIcon;
				ASSETCATALOG_COMPILER_GLOBAL_ACCENT_COLOR_NAME = AccentColor;
				CODE_SIGN_STYLE = Automatic;
				CURRENT_PROJECT_VERSION = 1;
				DEVELOPMENT_TEAM = 8K4KVU9S56;
				GENERATE_INFOPLIST_FILE = YES;
				INFOPLIST_FILE = "Spotify-Front/Info.plist";
				INFOPLIST_KEY_UIApplicationSupportsIndirectInputEvents = YES;
				INFOPLIST_KEY_UILaunchStoryboardName = LaunchScreen;
				INFOPLIST_KEY_UISupportedInterfaceOrientations_iPad = "UIInterfaceOrientationPortrait UIInterfaceOrientationPortraitUpsideDown UIInterfaceOrientationLandscapeLeft UIInterfaceOrientationLandscapeRight";
				INFOPLIST_KEY_UISupportedInterfaceOrientations_iPhone = "UIInterfaceOrientationPortrait UIInterfaceOrientationLandscapeLeft UIInterfaceOrientationLandscapeRight";
				LD_RUNPATH_SEARCH_PATHS = (
					"$(inherited)",
					"@executable_path/Frameworks",
				);
				MARKETING_VERSION = 1.0;
				PRODUCT_BUNDLE_IDENTIFIER = "com.song.Spotify-Front";
				PRODUCT_NAME = "$(TARGET_NAME)";
				SWIFT_EMIT_LOC_STRINGS = YES;
				SWIFT_VERSION = 5.0;
				TARGETED_DEVICE_FAMILY = "1,2";
			};
			name = Release;
		};
		96D694DB2918EF6800F307A4 /* Debug */ = {
			isa = XCBuildConfiguration;
			baseConfigurationReference = 3876A9CB43C72AB07E9DD88B /* Pods-Spotify-FrontTests.debug.xcconfig */;
			buildSettings = {
				ALWAYS_EMBED_SWIFT_STANDARD_LIBRARIES = YES;
				BUNDLE_LOADER = "$(TEST_HOST)";
				CODE_SIGN_STYLE = Automatic;
				CURRENT_PROJECT_VERSION = 1;
				DEVELOPMENT_TEAM = 8K4KVU9S56;
				GENERATE_INFOPLIST_FILE = YES;
				IPHONEOS_DEPLOYMENT_TARGET = 16.0;
				MARKETING_VERSION = 1.0;
				PRODUCT_BUNDLE_IDENTIFIER = "com.song.Spotify-FrontTests";
				PRODUCT_NAME = "$(TARGET_NAME)";
				SWIFT_EMIT_LOC_STRINGS = NO;
				SWIFT_VERSION = 5.0;
				TARGETED_DEVICE_FAMILY = "1,2";
				TEST_HOST = "$(BUILT_PRODUCTS_DIR)/Spotify-Front.app/$(BUNDLE_EXECUTABLE_FOLDER_PATH)/Spotify-Front";
			};
			name = Debug;
		};
		96D694DC2918EF6800F307A4 /* Release */ = {
			isa = XCBuildConfiguration;
			baseConfigurationReference = BBF6CA02BE6D9449FA7681D8 /* Pods-Spotify-FrontTests.release.xcconfig */;
			buildSettings = {
				ALWAYS_EMBED_SWIFT_STANDARD_LIBRARIES = YES;
				BUNDLE_LOADER = "$(TEST_HOST)";
				CODE_SIGN_STYLE = Automatic;
				CURRENT_PROJECT_VERSION = 1;
				DEVELOPMENT_TEAM = 8K4KVU9S56;
				GENERATE_INFOPLIST_FILE = YES;
				IPHONEOS_DEPLOYMENT_TARGET = 16.0;
				MARKETING_VERSION = 1.0;
				PRODUCT_BUNDLE_IDENTIFIER = "com.song.Spotify-FrontTests";
				PRODUCT_NAME = "$(TARGET_NAME)";
				SWIFT_EMIT_LOC_STRINGS = NO;
				SWIFT_VERSION = 5.0;
				TARGETED_DEVICE_FAMILY = "1,2";
				TEST_HOST = "$(BUILT_PRODUCTS_DIR)/Spotify-Front.app/$(BUNDLE_EXECUTABLE_FOLDER_PATH)/Spotify-Front";
			};
			name = Release;
		};
		96D694DE2918EF6800F307A4 /* Debug */ = {
			isa = XCBuildConfiguration;
			baseConfigurationReference = 0D3A954D1ED04193C3014F59 /* Pods-Spotify-Front-Spotify-FrontUITests.debug.xcconfig */;
			buildSettings = {
				ALWAYS_EMBED_SWIFT_STANDARD_LIBRARIES = YES;
				CODE_SIGN_STYLE = Automatic;
				CURRENT_PROJECT_VERSION = 1;
				DEVELOPMENT_TEAM = 8K4KVU9S56;
				GENERATE_INFOPLIST_FILE = YES;
				MARKETING_VERSION = 1.0;
				PRODUCT_BUNDLE_IDENTIFIER = "com.song.Spotify-FrontUITests";
				PRODUCT_NAME = "$(TARGET_NAME)";
				SWIFT_EMIT_LOC_STRINGS = NO;
				SWIFT_VERSION = 5.0;
				TARGETED_DEVICE_FAMILY = "1,2";
				TEST_TARGET_NAME = "Spotify-Front";
			};
			name = Debug;
		};
		96D694DF2918EF6800F307A4 /* Release */ = {
			isa = XCBuildConfiguration;
			baseConfigurationReference = C1346F7AEB78AFA5A7A6A2E8 /* Pods-Spotify-Front-Spotify-FrontUITests.release.xcconfig */;
			buildSettings = {
				ALWAYS_EMBED_SWIFT_STANDARD_LIBRARIES = YES;
				CODE_SIGN_STYLE = Automatic;
				CURRENT_PROJECT_VERSION = 1;
				DEVELOPMENT_TEAM = 8K4KVU9S56;
				GENERATE_INFOPLIST_FILE = YES;
				MARKETING_VERSION = 1.0;
				PRODUCT_BUNDLE_IDENTIFIER = "com.song.Spotify-FrontUITests";
				PRODUCT_NAME = "$(TARGET_NAME)";
				SWIFT_EMIT_LOC_STRINGS = NO;
				SWIFT_VERSION = 5.0;
				TARGETED_DEVICE_FAMILY = "1,2";
				TEST_TARGET_NAME = "Spotify-Front";
			};
			name = Release;
		};
/* End XCBuildConfiguration section */

/* Begin XCConfigurationList section */
		96D694A82918EF6300F307A4 /* Build configuration list for PBXProject "Spotify-Front" */ = {
			isa = XCConfigurationList;
			buildConfigurations = (
				96D694D52918EF6800F307A4 /* Debug */,
				96D694D62918EF6800F307A4 /* Release */,
			);
			defaultConfigurationIsVisible = 0;
			defaultConfigurationName = Release;
		};
		96D694D72918EF6800F307A4 /* Build configuration list for PBXNativeTarget "Spotify-Front" */ = {
			isa = XCConfigurationList;
			buildConfigurations = (
				96D694D82918EF6800F307A4 /* Debug */,
				96D694D92918EF6800F307A4 /* Release */,
			);
			defaultConfigurationIsVisible = 0;
			defaultConfigurationName = Release;
		};
		96D694DA2918EF6800F307A4 /* Build configuration list for PBXNativeTarget "Spotify-FrontTests" */ = {
			isa = XCConfigurationList;
			buildConfigurations = (
				96D694DB2918EF6800F307A4 /* Debug */,
				96D694DC2918EF6800F307A4 /* Release */,
			);
			defaultConfigurationIsVisible = 0;
			defaultConfigurationName = Release;
		};
		96D694DD2918EF6800F307A4 /* Build configuration list for PBXNativeTarget "Spotify-FrontUITests" */ = {
			isa = XCConfigurationList;
			buildConfigurations = (
				96D694DE2918EF6800F307A4 /* Debug */,
				96D694DF2918EF6800F307A4 /* Release */,
			);
			defaultConfigurationIsVisible = 0;
			defaultConfigurationName = Release;
		};
/* End XCConfigurationList section */
	};
	rootObject = 96D694A52918EF6300F307A4 /* Project object */;
}
